{
  "nodes": {
    "nixpkgs": {
      "locked": {
        "lastModified": 1777849626,
        "narHash": "sha256-XE91L4/3oVpejdbhfeJucGaJak1GY9S5KN+Zs3TYBzs=",
        "owner": "NixOS",
        "repo": "nixpkgs",
        "rev": "04bfce097e6f6ea6020494f997f8212f34259055",
        "type": "github"
      },
      "original": {
        "owner": "NixOS",
        "ref": "release-25.11",
        "repo": "nixpkgs",
        "type": "github"
      }
    },
    "root": {
      "inputs": {
        "nixpkgs": "nixpkgs",
        "rust-overlay": "rust-overlay",
        "rv-src": "rv-src"
      }
    },
    "rust-overlay": {
      "inputs": {
        "nixpkgs": [
          "nixpkgs"
        ]
      },
      "locked": {
        "lastModified": 1777864665,
        "narHash": "sha256-oE4lnjiBa3uE+dP9jM0jFzofP1xYIlK6IQBjLfWjH04=",
        "owner": "oxalica",
        "repo": "rust-overlay",
        "rev": "669151bbc7f2416b622af2f48e9136e2c9da5530",
        "type": "github"
      },
      "original": {
        "owner": "oxalica",
        "repo": "rust-overlay",
        "type": "github"
      }
    },
    "rv-src": {
      "flake": false,
      "locked": {
        "lastModified": 1772817138,
        "narHash": "sha256-GaeQvPSbhD4CKUdUPNVTMYrKLrpNNQOg2i181sy1HMI=",
        "owner": "spinel-coop",
        "repo": "rv",
        "rev": "649a873df3afd1b4c3f10ebea8fed03a3f20582b",
        "type": "github"
      },
      "original": {
        "owner": "spinel-coop",
        "ref": "v0.5.3",
        "repo": "rv",
        "type": "github"
      }
    }
  },
  "root": "root",
  "version": 7
}
